// !$*UTF8*$!
{
	archiveVersion = 1;
	classes = {
	};
	objectVersion = 56;
	objects = {

/* Begin PBXBuildFile section */
		FD39506E2CFC80BC0039D3FA /* AppDelegate.swift in Sources */ = {isa = PBXBuildFile; fileRef = FD39506D2CFC80BC0039D3FA /* AppDelegate.swift */; };
		FD3950702CFC80BC0039D3FA /* SceneDelegate.swift in Sources */ = {isa = PBXBuildFile; fileRef = FD39506F2CFC80BC0039D3FA /* SceneDelegate.swift */; };
		FD3950722CFC80BC0039D3FA /* ViewController.swift in Sources */ = {isa = PBXBuildFile; fileRef = FD3950712CFC80BC0039D3FA /* ViewController.swift */; };
		FD3950752CFC80BC0039D3FA /* Main.storyboard in Resources */ = {isa = PBXBuildFile; fileRef = FD3950732CFC80BC0039D3FA /* Main.storyboard */; };
		FD3950772CFC80BE0039D3FA /* Assets.xcassets in Resources */ = {isa = PBXBuildFile; fileRef = FD3950762CFC80BE0039D3FA /* Assets.xcassets */; };
		FD39507A2CFC80BE0039D3FA /* LaunchScreen.storyboard in Resources */ = {isa = PBXBuildFile; fileRef = FD3950782CFC80BE0039D3FA /* LaunchScreen.storyboard */; };
		FD3950852CFC80BF0039D3FA /* diaryTests.swift in Sources */ = {isa = PBXBuildFile; fileRef = FD3950842CFC80BF0039D3FA /* diaryTests.swift */; };
		FD39508F2CFC80BF0039D3FA /* diaryUITests.swift in Sources */ = {isa = PBXBuildFile; fileRef = FD39508E2CFC80BF0039D3FA /* diaryUITests.swift */; };
		FD3950912CFC80BF0039D3FA /* diaryUITestsLaunchTests.swift in Sources */ = {isa = PBXBuildFile; fileRef = FD3950902CFC80BF0039D3FA /* diaryUITestsLaunchTests.swift */; };
/* End PBXBuildFile section */

/* Begin PBXContainerItemProxy section */
		FD3950812CFC80BF0039D3FA /* PBXContainerItemProxy */ = {
			isa = PBXContainerItemProxy;
			containerPortal = FD3950622CFC80BC0039D3FA /* Project object */;
			proxyType = 1;
			remoteGlobalIDString = FD3950692CFC80BC0039D3FA;
			remoteInfo = diary;
		};
		FD39508B2CFC80BF0039D3FA /* PBXContainerItemProxy */ = {
			isa = PBXContainerItemProxy;
			containerPortal = FD3950622CFC80BC0039D3FA /* Project object */;
			proxyType = 1;
			remoteGlobalIDString = FD3950692CFC80BC0039D3FA;
			remoteInfo = diary;
		};
/* End PBXContainerItemProxy section */

/* Begin PBXFileReference section */
		FD39506A2CFC80BC0039D3FA /* diary.app */ = {isa = PBXFileReference; explicitFileType = wrapper.application; includeInIndex = 0; path = diary.app; sourceTree = BUILT_PRODUCTS_DIR; };
		FD39506D2CFC80BC0039D3FA /* AppDelegate.swift */ = {isa = PBXFileReference; lastKnownFileType = sourcecode.swift; path = AppDelegate.swift; sourceTree = "<group>"; };
		FD39506F2CFC80BC0039D3FA /* SceneDelegate.swift */ = {isa = PBXFileReference; lastKnownFileType = sourcecode.swift; path = SceneDelegate.swift; sourceTree = "<group>"; };
		FD3950712CFC80BC0039D3FA /* ViewController.swift */ = {isa = PBXFileReference; lastKnownFileType = sourcecode.swift; path = ViewController.swift; sourceTree = "<group>"; };
		FD3950742CFC80BC0039D3FA /* Base */ = {isa = PBXFileReference; lastKnownFileType = file.storyboard; name = Base; path = Base.lproj/Main.storyboard; sourceTree = "<group>"; };
		FD3950762CFC80BE0039D3FA /* Assets.xcassets */ = {isa = PBXFileReference; lastKnownFileType = folder.assetcatalog; path = Assets.xcassets; sourceTree = "<group>"; };
		FD3950792CFC80BE0039D3FA /* Base */ = {isa = PBXFileReference; lastKnownFileType = file.storyboard; name = Base; path = Base.lproj/LaunchScreen.storyboard; sourceTree = "<group>"; };
		FD39507B2CFC80BE0039D3FA /* Info.plist */ = {isa = PBXFileReference; lastKnownFileType = text.plist.xml; path = Info.plist; sourceTree = "<group>"; };
		FD3950802CFC80BF0039D3FA /* diaryTests.xctest */ = {isa = PBXFileReference; explicitFileType = wrapper.cfbundle; includeInIndex = 0; path = diaryTests.xctest; sourceTree = BUILT_PRODUCTS_DIR; };
		FD3950842CFC80BF0039D3FA /* diaryTests.swift */ = {isa = PBXFileReference; lastKnownFileType = sourcecode.swift; path = diaryTests.swift; sourceTree = "<group>"; };
		FD39508A2CFC80BF0039D3FA /* diaryUITests.xctest */ = {isa = PBXFileReference; explicitFileType = wrapper.cfbundle; includeInIndex = 0; path = diaryUITests.xctest; sourceTree = BUILT_PRODUCTS_DIR; };
		FD39508E2CFC80BF0039D3FA /* diaryUITests.swift */ = {isa = PBXFileReference; lastKnownFileType = sourcecode.swift; path = diaryUITests.swift; sourceTree = "<group>"; };
		FD3950902CFC80BF0039D3FA /* diaryUITestsLaunchTests.swift */ = {isa = PBXFileReference; lastKnownFileType = sourcecode.swift; path = diaryUITestsLaunchTests.swift; sourceTree = "<group>"; };
/* End PBXFileReference section */

/* Begin PBXFrameworksBuildPhase section */
		FD3950672CFC80BC0039D3FA /* Frameworks */ = {
			isa = PBXFrameworksBuildPhase;
			buildActionMask = 2147483647;
			files = (
			);
			runOnlyForDeploymentPostprocessing = 0;
		};
		FD39507D2CFC80BF0039D3FA /* Frameworks */ = {
			isa = PBXFrameworksBuildPhase;
			buildActionMask = 2147483647;
			files = (
			);
			runOnlyForDeploymentPostprocessing = 0;
		};
		FD3950872CFC80BF0039D3FA /* Frameworks */ = {
			isa = PBXFrameworksBuildPhase;
			buildActionMask = 2147483647;
			files = (
			);
			runOnlyForDeploymentPostprocessing = 0;
		};
/* End PBXFrameworksBuildPhase section */

/* Begin PBXGroup section */
		FD3950612CFC80BC0039D3FA = {
			isa = PBXGroup;
			children = (
				FD39506C2CFC80BC0039D3FA /* diary */,
				FD3950832CFC80BF0039D3FA /* diaryTests */,
				FD39508D2CFC80BF0039D3FA /* diaryUITests */,
				FD39506B2CFC80BC0039D3FA /* Products */,
			);
			sourceTree = "<group>";
		};
		FD39506B2CFC80BC0039D3FA /* Products */ = {
			isa = PBXGroup;
			children = (
				FD39506A2CFC80BC0039D3FA /* diary.app */,
				FD3950802CFC80BF0039D3FA /* diaryTests.xctest */,
				FD39508A2CFC80BF0039D3FA /* diaryUITests.xctest */,
			);
			name = Products;
			sourceTree = "<group>";
		};
		FD39506C2CFC80BC0039D3FA /* diary */ = {
			isa = PBXGroup;
			children = (
				FD39506D2CFC80BC0039D3FA /* AppDelegate.swift */,
				FD39506F2CFC80BC0039D3FA /* SceneDelegate.swift */,
				FD3950712CFC80BC0039D3FA /* ViewController.swift */,
				FD3950732CFC80BC0039D3FA /* Main.storyboard */,
				FD3950762CFC80BE0039D3FA /* Assets.xcassets */,
				FD3950782CFC80BE0039D3FA /* LaunchScreen.storyboard */,
				FD39507B2CFC80BE0039D3FA /* Info.plist */,
			);
			path = diary;
			sourceTree = "<group>";
		};
		FD3950832CFC80BF0039D3FA /* diaryTests */ = {
			isa = PBXGroup;
			children = (
				FD3950842CFC80BF0039D3FA /* diaryTests.swift */,
			);
			path = diaryTests;
			sourceTree = "<group>";
		};
		FD39508D2CFC80BF0039D3FA /* diaryUITests */ = {
			isa = PBXGroup;
			children = (
				FD39508E2CFC80BF0039D3FA /* diaryUITests.swift */,
				FD3950902CFC80BF0039D3FA /* diaryUITestsLaunchTests.swift */,
			);
			path = diaryUITests;
			sourceTree = "<group>";
		};
/* End PBXGroup section */

/* Begin PBXNativeTarget section */
		FD3950692CFC80BC0039D3FA /* diary */ = {
			isa = PBXNativeTarget;
			buildConfigurationList = FD3950942CFC80BF0039D3FA /* Build configuration list for PBXNativeTarget "diary" */;
			buildPhases = (
				FD3950662CFC80BC0039D3FA /* Sources */,
				FD3950672CFC80BC0039D3FA /* Frameworks */,
				FD3950682CFC80BC0039D3FA /* Resources */,
			);
			buildRules = (
			);
			dependencies = (
			);
			name = diary;
			productName = diary;
			productReference = FD39506A2CFC80BC0039D3FA /* diary.app */;
			productType = "com.apple.product-type.application";
		};
		FD39507F2CFC80BF0039D3FA /* diaryTests */ = {
			isa = PBXNativeTarget;
			buildConfigurationList = FD3950972CFC80BF0039D3FA /* Build configuration list for PBXNativeTarget "diaryTests" */;
			buildPhases = (
				FD39507C2CFC80BF0039D3FA /* Sources */,
				FD39507D2CFC80BF0039D3FA /* Frameworks */,
				FD39507E2CFC80BF0039D3FA /* Resources */,
			);
			buildRules = (
			);
			dependencies = (
				FD3950822CFC80BF0039D3FA /* PBXTargetDependency */,
			);
			name = diaryTests;
			productName = diaryTests;
			productReference = FD3950802CFC80BF0039D3FA /* diaryTests.xctest */;
			productType = "com.apple.product-type.bundle.unit-test";
		};
		FD3950892CFC80BF0039D3FA /* diaryUITests */ = {
			isa = PBXNativeTarget;
			buildConfigurationList = FD39509A2CFC80BF0039D3FA /* Build configuration list for PBXNativeTarget "diaryUITests" */;
			buildPhases = (
				FD3950862CFC80BF0039D3FA /* Sources */,
				FD3950872CFC80BF0039D3FA /* Frameworks */,
				FD3950882CFC80BF0039D3FA /* Resources */,
			);
			buildRules = (
			);
			dependencies = (
				FD39508C2CFC80BF0039D3FA /* PBXTargetDependency */,
			);
			name = diaryUITests;
			productName = diaryUITests;
			productReference = FD39508A2CFC80BF0039D3FA /* diaryUITests.xctest */;
			productType = "com.apple.product-type.bundle.ui-testing";
		};
/* End PBXNativeTarget section */

/* Begin PBXProject section */
		FD3950622CFC80BC0039D3FA /* Project object */ = {
			isa = PBXProject;
			attributes = {
				BuildIndependentTargetsInParallel = 1;
				LastSwiftUpdateCheck = 1520;
				LastUpgradeCheck = 1520;
				TargetAttributes = {
					FD3950692CFC80BC0039D3FA = {
						CreatedOnToolsVersion = 15.2;
					};
					FD39507F2CFC80BF0039D3FA = {
						CreatedOnToolsVersion = 15.2;
						TestTargetID = FD3950692CFC80BC0039D3FA;
					};
					FD3950892CFC80BF0039D3FA = {
						CreatedOnToolsVersion = 15.2;
						TestTargetID = FD3950692CFC80BC0039D3FA;
					};
				};
			};
			buildConfigurationList = FD3950652CFC80BC0039D3FA /* Build configuration list for PBXProject "diary" */;
			compatibilityVersion = "Xcode 14.0";
			developmentRegion = en;
			hasScannedForEncodings = 0;
			knownRegions = (
				en,
				Base,
			);
			mainGroup = FD3950612CFC80BC0039D3FA;
			productRefGroup = FD39506B2CFC80BC0039D3FA /* Products */;
			projectDirPath = "";
			projectRoot = "";
			targets = (
				FD3950692CFC80BC0039D3FA /* diary */,
				FD39507F2CFC80BF0039D3FA /* diaryTests */,
				FD3950892CFC80BF0039D3FA /* diaryUITests */,
			);
		};
/* End PBXProject section */

/* Begin PBXResourcesBuildPhase section */
		FD3950682CFC80BC0039D3FA /* Resources */ = {
			isa = PBXResourcesBuildPhase;
			buildActionMask = 2147483647;
			files = (
				FD39507A2CFC80BE0039D3FA /* LaunchScreen.storyboard in Resources */,
				FD3950772CFC80BE0039D3FA /* Assets.xcassets in Resources */,
				FD3950752CFC80BC0039D3FA /* Main.storyboard in Resources */,
			);
			runOnlyForDeploymentPostprocessing = 0;
		};
		FD39507E2CFC80BF0039D3FA /* Resources */ = {
			isa = PBXResourcesBuildPhase;
			buildActionMask = 2147483647;
			files = (
			);
			runOnlyForDeploymentPostprocessing = 0;
		};
		FD3950882CFC80BF0039D3FA /* Resources */ = {
			isa = PBXResourcesBuildPhase;
			buildActionMask = 2147483647;
			files = (
			);
			runOnlyForDeploymentPostprocessing = 0;
		};
/* End PBXResourcesBuildPhase section */

/* Begin PBXSourcesBuildPhase section */
		FD3950662CFC80BC0039D3FA /* Sources */ = {
			isa = PBXSourcesBuildPhase;
			buildActionMask = 2147483647;
			files = (
				FD3950722CFC80BC0039D3FA /* ViewController.swift in Sources */,
				FD39506E2CFC80BC0039D3FA /* AppDelegate.swift in Sources */,
				FD3950702CFC80BC0039D3FA /* SceneDelegate.swift in Sources */,
			);
			runOnlyForDeploymentPostprocessing = 0;
		};
		FD39507C2CFC80BF0039D3FA /* Sources */ = {
			isa = PBXSourcesBuildPhase;
			buildActionMask = 2147483647;
			files = (
				FD3950852CFC80BF0039D3FA /* diaryTests.swift in Sources */,
			);
			runOnlyForDeploymentPostprocessing = 0;
		};
		FD3950862CFC80BF0039D3FA /* Sources */ = {
			isa = PBXSourcesBuildPhase;
			buildActionMask = 2147483647;
			files = (
				FD3950912CFC80BF0039D3FA /* diaryUITestsLaunchTests.swift in Sources */,
				FD39508F2CFC80BF0039D3FA /* diaryUITests.swift in Sources */,
			);
			runOnlyForDeploymentPostprocessing = 0;
		};
/* End PBXSourcesBuildPhase section */

/* Begin PBXTargetDependency section */
		FD3950822CFC80BF0039D3FA /* PBXTargetDependency */ = {
			isa = PBXTargetDependency;
			target = FD3950692CFC80BC0039D3FA /* diary */;
			targetProxy = FD3950812CFC80BF0039D3FA /* PBXContainerItemProxy */;
		};
		FD39508C2CFC80BF0039D3FA /* PBXTargetDependency */ = {
			isa = PBXTargetDependency;
			target = FD3950692CFC80BC0039D3FA /* diary */;
			targetProxy = FD39508B2CFC80BF0039D3FA /* PBXContainerItemProxy */;
		};
/* End PBXTargetDependency section */

/* Begin PBXVariantGroup section */
		FD3950732CFC80BC0039D3FA /* Main.storyboard */ = {
			isa = PBXVariantGroup;
			children = (
				FD3950742CFC80BC0039D3FA /* Base */,
			);
			name = Main.storyboard;
			sourceTree = "<group>";
		};
		FD3950782CFC80BE0039D3FA /* LaunchScreen.storyboard */ = {
			isa = PBXVariantGroup;
			children = (
				FD3950792CFC80BE0039D3FA /* Base */,
			);
			name = LaunchScreen.storyboard;
			sourceTree = "<group>";
		};
/* End PBXVariantGroup section */

/* Begin XCBuildConfiguration section */
		FD3950922CFC80BF0039D3FA /* Debug */ = {
			isa = XCBuildConfiguration;
			buildSettings = {
				ALWAYS_SEARCH_USER_PATHS = NO;
				ASSETCATALOG_COMPILER_GENERATE_SWIFT_ASSET_SYMBOL_EXTENSIONS = YES;
				CLANG_ANALYZER_NONNULL = YES;
				CLANG_ANALYZER_NUMBER_OBJECT_CONVERSION = YES_AGGRESSIVE;
				CLANG_CXX_LANGUAGE_STANDARD = "gnu++20";
				CLANG_ENABLE_MODULES = YES;
				CLANG_ENABLE_OBJC_ARC = YES;
				CLANG_ENABLE_OBJC_WEAK = YES;
				CLANG_WARN_BLOCK_CAPTURE_AUTORELEASING = YES;
				CLANG_WARN_BOOL_CONVERSION = YES;
				CLANG_WARN_COMMA = YES;
				CLANG_WARN_CONSTANT_CONVERSION = YES;
				CLANG_WARN_DEPRECATED_OBJC_IMPLEMENTATIONS = YES;
				CLANG_WARN_DIRECT_OBJC_ISA_USAGE = YES_ERROR;
				CLANG_WARN_DOCUMENTATION_COMMENTS = YES;
				CLANG_WARN_EMPTY_BODY = YES;
				CLANG_WARN_ENUM_CONVERSION = YES;
				CLANG_WARN_INFINITE_RECURSION = YES;
				CLANG_WARN_INT_CONVERSION = YES;
				CLANG_WARN_NON_LITERAL_NULL_CONVERSION = YES;
				CLANG_WARN_OBJC_IMPLICIT_RETAIN_SELF = YES;
				CLANG_WARN_OBJC_LITERAL_CONVERSION = YES;
				CLANG_WARN_OBJC_ROOT_CLASS = YES_ERROR;
				CLANG_WARN_QUOTED_INCLUDE_IN_FRAMEWORK_HEADER = YES;
				CLANG_WARN_RANGE_LOOP_ANALYSIS = YES;
				CLANG_WARN_STRICT_PROTOTYPES = YES;
				CLANG_WARN_SUSPICIOUS_MOVE = YES;
				CLANG_WARN_UNGUARDED_AVAILABILITY = YES_AGGRESSIVE;
				CLANG_WARN_UNREACHABLE_CODE = YES;
				CLANG_WARN__DUPLICATE_METHOD_MATCH = YES;
				COPY_PHASE_STRIP = NO;
				DEBUG_INFORMATION_FORMAT = dwarf;
				ENABLE_STRICT_OBJC_MSGSEND = YES;
				ENABLE_TESTABILITY = YES;
				ENABLE_USER_SCRIPT_SANDBOXING = YES;
				GCC_C_LANGUAGE_STANDARD = gnu17;
				GCC_DYNAMIC_NO_PIC = NO;
				GCC_NO_COMMON_BLOCKS = YES;
				GCC_OPTIMIZATION_LEVEL = 0;
				GCC_PREPROCESSOR_DEFINITIONS = (
					"DEBUG=1",
					"$(inherited)",
				);
				GCC_WARN_64_TO_32_BIT_CONVERSION = YES;
				GCC_WARN_ABOUT_RETURN_TYPE = YES_ERROR;
				GCC_WARN_UNDECLARED_SELECTOR = YES;
				GCC_WARN_UNINITIALIZED_AUTOS = YES_AGGRESSIVE;
				GCC_WARN_UNUSED_FUNCTION = YES;
				GCC_WARN_UNUSED_VARIABLE = YES;
				IPHONEOS_DEPLOYMENT_TARGET = 17.2;
				LOCALIZATION_PREFERS_STRING_CATALOGS = YES;
				MTL_ENABLE_DEBUG_INFO = INCLUDE_SOURCE;
				MTL_FAST_MATH = YES;
				ONLY_ACTIVE_ARCH = YES;
				SDKROOT = iphoneos;
				SWIFT_ACTIVE_COMPILATION_CONDITIONS = "DEBUG $(inherited)";
				SWIFT_OPTIMIZATION_LEVEL = "-Onone";
			};
			name = Debug;
		};
		FD3950932CFC80BF0039D3FA /* Release */ = {
			isa = XCBuildConfiguration;
			buildSettings = {
				ALWAYS_SEARCH_USER_PATHS = NO;
				ASSETCATALOG_COMPILER_GENERATE_SWIFT_ASSET_SYMBOL_EXTENSIONS = YES;
				CLANG_ANALYZER_NONNULL = YES;
				CLANG_ANALYZER_NUMBER_OBJECT_CONVERSION = YES_AGGRESSIVE;
				CLANG_CXX_LANGUAGE_STANDARD = "gnu++20";
				CLANG_ENABLE_MODULES = YES;
				CLANG_ENABLE_OBJC_ARC = YES;
				CLANG_ENABLE_OBJC_WEAK = YES;
				CLANG_WARN_BLOCK_CAPTURE_AUTORELEASING = YES;
				CLANG_WARN_BOOL_CONVERSION = YES;
				CLANG_WARN_COMMA = YES;
				CLANG_WARN_CONSTANT_CONVERSION = YES;
				CLANG_WARN_DEPRECATED_OBJC_IMPLEMENTATIONS = YES;
				CLANG_WARN_DIRECT_OBJC_ISA_USAGE = YES_ERROR;
				CLANG_WARN_DOCUMENTATION_COMMENTS = YES;
				CLANG_WARN_EMPTY_BODY = YES;
				CLANG_WARN_ENUM_CONVERSION = YES;
				CLANG_WARN_INFINITE_RECURSION = YES;
				CLANG_WARN_INT_CONVERSION = YES;
				CLANG_WARN_NON_LITERAL_NULL_CONVERSION = YES;
				CLANG_WARN_OBJC_IMPLICIT_RETAIN_SELF = YES;
				CLANG_WARN_OBJC_LITERAL_CONVERSION = YES;
				CLANG_WARN_OBJC_ROOT_CLASS = YES_ERROR;
				CLANG_WARN_QUOTED_INCLUDE_IN_FRAMEWORK_HEADER = YES;
				CLANG_WARN_RANGE_LOOP_ANALYSIS = YES;
				CLANG_WARN_STRICT_PROTOTYPES = YES;
				CLANG_WARN_SUSPICIOUS_MOVE = YES;
				CLANG_WARN_UNGUARDED_AVAILABILITY = YES_AGGRESSIVE;
				CLANG_WARN_UNREACHABLE_CODE = YES;
				CLANG_WARN__DUPLICATE_METHOD_MATCH = YES;
				COPY_PHASE_STRIP = NO;
				DEBUG_INFORMATION_FORMAT = "dwarf-with-dsym";
				ENABLE_NS_ASSERTIONS = NO;
				ENABLE_STRICT_OBJC_MSGSEND = YES;
				ENABLE_USER_SCRIPT_SANDBOXING = YES;
				GCC_C_LANGUAGE_STANDARD = gnu17;
				GCC_NO_COMMON_BLOCKS = YES;
				GCC_WARN_64_TO_32_BIT_CONVERSION = YES;
				GCC_WARN_ABOUT_RETURN_TYPE = YES_ERROR;
				GCC_WARN_UNDECLARED_SELECTOR = YES;
				GCC_WARN_UNINITIALIZED_AUTOS = YES_AGGRESSIVE;
				GCC_WARN_UNUSED_FUNCTION = YES;
				GCC_WARN_UNUSED_VARIABLE = YES;
				IPHONEOS_DEPLOYMENT_TARGET = 17.2;
				LOCALIZATION_PREFERS_STRING_CATALOGS = YES;
				MTL_ENABLE_DEBUG_INFO = NO;
				MTL_FAST_MATH = YES;
				SDKROOT = iphoneos;
				SWIFT_COMPILATION_MODE = wholemodule;
				VALIDATE_PRODUCT = YES;
			};
			name = Release;
		};
		FD3950952CFC80BF0039D3FA /* Debug */ = {
			isa = XCBuildConfiguration;
			buildSettings = {
				ASSETCATALOG_COMPILER_APPICON_NAME = AppIcon;
				ASSETCATALOG_COMPILER_GLOBAL_ACCENT_COLOR_NAME = AccentColor;
				CODE_SIGN_STYLE = Automatic;
				CURRENT_PROJECT_VERSION = 1;
				GENERATE_INFOPLIST_FILE = YES;
				INFOPLIST_FILE = diary/Info.plist;
				INFOPLIST_KEY_UIApplicationSupportsIndirectInputEvents = YES;
				INFOPLIST_KEY_UILaunchStoryboardName = LaunchScreen;
				INFOPLIST_KEY_UIMainStoryboardFile = Main;
				INFOPLIST_KEY_UISupportedInterfaceOrientations_iPad = "UIInterfaceOrientationPortrait UIInterfaceOrientationPortraitUpsideDown UIInterfaceOrientationLandscapeLeft UIInterfaceOrientationLandscapeRight";
				INFOPLIST_KEY_UISupportedInterfaceOrientations_iPhone = "UIInterfaceOrientationPortrait UIInterfaceOrientationLandscapeLeft UIInterfaceOrientationLandscapeRight";
				LD_RUNPATH_SEARCH_PATHS = (
					"$(inherited)",
					"@executable_path/Frameworks",
				);
				MARKETING_VERSION = 1.0;
				PRODUCT_BUNDLE_IDENTIFIER = kristofs.diary;
				PRODUCT_NAME = "$(TARGET_NAME)";
				SWIFT_EMIT_LOC_STRINGS = YES;
				SWIFT_VERSION = 5.0;
				TARGETED_DEVICE_FAMILY = "1,2";
			};
			name = Debug;
		};
		FD3950962CFC80BF0039D3FA /* Release */ = {
			isa = XCBuildConfiguration;
			buildSettings = {
				ASSETCATALOG_COMPILER_APPICON_NAME = AppIcon;
				ASSETCATALOG_COMPILER_GLOBAL_ACCENT_COLOR_NAME = AccentColor;
				CODE_SIGN_STYLE = Automatic;
				CURRENT_PROJECT_VERSION = 1;
				GENERATE_INFOPLIST_FILE = YES;
				INFOPLIST_FILE = diary/Info.plist;
				INFOPLIST_KEY_UIApplicationSupportsIndirectInputEvents = YES;
				INFOPLIST_KEY_UILaunchStoryboardName = LaunchScreen;
				INFOPLIST_KEY_UIMainStoryboardFile = Main;
				INFOPLIST_KEY_UISupportedInterfaceOrientations_iPad = "UIInterfaceOrientationPortrait UIInterfaceOrientationPortraitUpsideDown UIInterfaceOrientationLandscapeLeft UIInterfaceOrientationLandscapeRight";
				INFOPLIST_KEY_UISupportedInterfaceOrientations_iPhone = "UIInterfaceOrientationPortrait UIInterfaceOrientationLandscapeLeft UIInterfaceOrientationLandscapeRight";
				LD_RUNPATH_SEARCH_PATHS = (
					"$(inherited)",
					"@executable_path/Frameworks",
				);
				MARKETING_VERSION = 1.0;
				PRODUCT_BUNDLE_IDENTIFIER = kristofs.diary;
				PRODUCT_NAME = "$(TARGET_NAME)";
				SWIFT_EMIT_LOC_STRINGS = YES;
				SWIFT_VERSION = 5.0;
				TARGETED_DEVICE_FAMILY = "1,2";
			};
			name = Release;
		};
		FD3950982CFC80BF0039D3FA /* Debug */ = {
			isa = XCBuildConfiguration;
			buildSettings = {
				ALWAYS_EMBED_SWIFT_STANDARD_LIBRARIES = YES;
				BUNDLE_LOADER = "$(TEST_HOST)";
				CODE_SIGN_STYLE = Automatic;
				CURRENT_PROJECT_VERSION = 1;
				GENERATE_INFOPLIST_FILE = YES;
				IPHONEOS_DEPLOYMENT_TARGET = 17.2;
				MARKETING_VERSION = 1.0;
				PRODUCT_BUNDLE_IDENTIFIER = kristofs.diaryTests;
				PRODUCT_NAME = "$(TARGET_NAME)";
				SWIFT_EMIT_LOC_STRINGS = NO;
				SWIFT_VERSION = 5.0;
				TARGETED_DEVICE_FAMILY = "1,2";
				TEST_HOST = "$(BUILT_PRODUCTS_DIR)/diary.app/$(BUNDLE_EXECUTABLE_FOLDER_PATH)/diary";
			};
			name = Debug;
		};
		FD3950992CFC80BF0039D3FA /* Release */ = {
			isa = XCBuildConfiguration;
			buildSettings = {
				ALWAYS_EMBED_SWIFT_STANDARD_LIBRARIES = YES;
				BUNDLE_LOADER = "$(TEST_HOST)";
				CODE_SIGN_STYLE = Automatic;
				CURRENT_PROJECT_VERSION = 1;
				GENERATE_INFOPLIST_FILE = YES;
				IPHONEOS_DEPLOYMENT_TARGET = 17.2;
				MARKETING_VERSION = 1.0;
				PRODUCT_BUNDLE_IDENTIFIER = kristofs.diaryTests;
				PRODUCT_NAME = "$(TARGET_NAME)";
				SWIFT_EMIT_LOC_STRINGS = NO;
				SWIFT_VERSION = 5.0;
				TARGETED_DEVICE_FAMILY = "1,2";
				TEST_HOST = "$(BUILT_PRODUCTS_DIR)/diary.app/$(BUNDLE_EXECUTABLE_FOLDER_PATH)/diary";
			};
			name = Release;
		};
		FD39509B2CFC80BF0039D3FA /* Debug */ = {
			isa = XCBuildConfiguration;
			buildSettings = {
				ALWAYS_EMBED_SWIFT_STANDARD_LIBRARIES = YES;
				CODE_SIGN_STYLE = Automatic;
				CURRENT_PROJECT_VERSION = 1;
				GENERATE_INFOPLIST_FILE = YES;
				MARKETING_VERSION = 1.0;
				PRODUCT_BUNDLE_IDENTIFIER = kristofs.diaryUITests;
				PRODUCT_NAME = "$(TARGET_NAME)";
				SWIFT_EMIT_LOC_STRINGS = NO;
				SWIFT_VERSION = 5.0;
				TARGETED_DEVICE_FAMILY = "1,2";
				TEST_TARGET_NAME = diary;
			};
			name = Debug;
		};
		FD39509C2CFC80BF0039D3FA /* Release */ = {
			isa = XCBuildConfiguration;
			buildSettings = {
				ALWAYS_EMBED_SWIFT_STANDARD_LIBRARIES = YES;
				CODE_SIGN_STYLE = Automatic;
				CURRENT_PROJECT_VERSION = 1;
				GENERATE_INFOPLIST_FILE = YES;
				MARKETING_VERSION = 1.0;
				PRODUCT_BUNDLE_IDENTIFIER = kristofs.diaryUITests;
				PRODUCT_NAME = "$(TARGET_NAME)";
				SWIFT_EMIT_LOC_STRINGS = NO;
				SWIFT_VERSION = 5.0;
				TARGETED_DEVICE_FAMILY = "1,2";
				TEST_TARGET_NAME = diary;
			};
			name = Release;
		};
/* End XCBuildConfiguration section */

/* Begin XCConfigurationList section */
		FD3950652CFC80BC0039D3FA /* Build configuration list for PBXProject "diary" */ = {
			isa = XCConfigurationList;
			buildConfigurations = (
				FD3950922CFC80BF0039D3FA /* Debug */,
				FD3950932CFC80BF0039D3FA /* Release */,
			);
			defaultConfigurationIsVisible = 0;
			defaultConfigurationName = Release;
		};
		FD3950942CFC80BF0039D3FA /* Build configuration list for PBXNativeTarget "diary" */ = {
			isa = XCConfigurationList;
			buildConfigurations = (
				FD3950952CFC80BF0039D3FA /* Debug */,
				FD3950962CFC80BF0039D3FA /* Release */,
			);
			defaultConfigurationIsVisible = 0;
			defaultConfigurationName = Release;
		};
		FD3950972CFC80BF0039D3FA /* Build configuration list for PBXNativeTarget "diaryTests" */ = {
			isa = XCConfigurationList;
			buildConfigurations = (
				FD3950982CFC80BF0039D3FA /* Debug */,
				FD3950992CFC80BF0039D3FA /* Release */,
			);
			defaultConfigurationIsVisible = 0;
			defaultConfigurationName = Release;
		};
		FD39509A2CFC80BF0039D3FA /* Build configuration list for PBXNativeTarget "diaryUITests" */ = {
			isa = XCConfigurationList;
			buildConfigurations = (
				FD39509B2CFC80BF0039D3FA /* Debug */,
				FD39509C2CFC80BF0039D3FA /* Release */,
			);
			defaultConfigurationIsVisible = 0;
			defaultConfigurationName = Release;
		};
/* End XCConfigurationList section */
	};
	rootObject = FD3950622CFC80BC0039D3FA /* Project object */;
}
